{
  "requires": true,
  "lockfileVersion": 1,
  "dependencies": {
    "quietflow": {
      "version": "1.0.2",
      "resolved": "https://registry.npmjs.org/quietflow/-/quietflow-1.0.2.tgz",
      "integrity": "sha512-86lI4Nz9Wyh6/Y4U2Dpv+eJhtACL5dEvP+iVl75Fdzg7wT03f2puVglxnIDNdvWMbrl/yCoSC41biGIBfk4S+g=="
    }
  }
}
